
Microsoft Visual Studio Solution File, Format Version 12.00
# Visual Studio Version 17
VisualStudioVersion = 17.0.31903.59
MinimumVisualStudioVersion = 10.0.40219.1
Project("{FAE04EC0-301F-11D3-BF4B-00C04F79EFBC}") = "Application", "Application\Application.csproj", "{C92853B3-526A-467A-AE2B-15B40C4F53F9}"
EndProject
Project("{FAE04EC0-301F-11D3-BF4B-00C04F79EFBC}") = "Domain", "Domain\Domain.csproj", "{E5727745-4C86-4866-93DD-8FE902BC7D02}"
EndProject
Project("{FAE04EC0-301F-11D3-BF4B-00C04F79EFBC}") = "API", "API\API.csproj", "{71EFE20C-9872-4DDF-8636-AC6C2ADC4335}"
EndProject
Project("{FAE04EC0-301F-11D3-BF4B-00C04F79EFBC}") = "Persistence", "Persistence\Persistence.csproj", "{11725E43-7960-4E57-826F-E55E53B0F89F}"
EndProject
Global
	GlobalSection(SolutionConfigurationPlatforms) = preSolution
		Debug|Any CPU = Debug|Any CPU
		Release|Any CPU = Release|Any CPU
	EndGlobalSection
	GlobalSection(SolutionProperties) = preSolution
		HideSolutionNode = FALSE
	EndGlobalSection
	GlobalSection(ProjectConfigurationPlatforms) = postSolution
		{C92853B3-526A-467A-AE2B-15B40C4F53F9}.Debug|Any CPU.ActiveCfg = Debug|Any CPU
		{C92853B3-526A-467A-AE2B-15B40C4F53F9}.Debug|Any CPU.Build.0 = Debug|Any CPU
		{C92853B3-526A-467A-AE2B-15B40C4F53F9}.Release|Any CPU.ActiveCfg = Release|Any CPU
		{C92853B3-526A-467A-AE2B-15B40C4F53F9}.Release|Any CPU.Build.0 = Release|Any CPU
		{E5727745-4C86-4866-93DD-8FE902BC7D02}.Debug|Any CPU.ActiveCfg = Debug|Any CPU
		{E5727745-4C86-4866-93DD-8FE902BC7D02}.Debug|Any CPU.Build.0 = Debug|Any CPU
		{E5727745-4C86-4866-93DD-8FE902BC7D02}.Release|Any CPU.ActiveCfg = Release|Any CPU
		{E5727745-4C86-4866-93DD-8FE902BC7D02}.Release|Any CPU.Build.0 = Release|Any CPU
		{71EFE20C-9872-4DDF-8636-AC6C2ADC4335}.Debug|Any CPU.ActiveCfg = Debug|Any CPU
		{71EFE20C-9872-4DDF-8636-AC6C2ADC4335}.Debug|Any CPU.Build.0 = Debug|Any CPU
		{71EFE20C-9872-4DDF-8636-AC6C2ADC4335}.Release|Any CPU.ActiveCfg = Release|Any CPU
		{71EFE20C-9872-4DDF-8636-AC6C2ADC4335}.Release|Any CPU.Build.0 = Release|Any CPU
	EndGlobalSection
EndGlobal
